PODS:
  - FBSDKCoreKit (5.0.0):
    - FBSDKCoreKit/Basics (= 5.0.0)
    - FBSDKCoreKit/Core (= 5.0.0)
  - FBSDKCoreKit/Basics (5.0.0)
  - FBSDKCoreKit/Core (5.0.0):
    - FBSDKCoreKit/Basics
  - FBSDKLoginKit (5.0.0):
    - FBSDKCoreKit (= 5.0.0)
  - Kingfisher (5.4.0)

DEPENDENCIES:
  - FBSDKCoreKit
  - FBSDKLoginKit
  - Kingfisher (~> 5.0)

SPEC REPOS:
  https://github.com/cocoapods/specs.git:
    - FBSDKCoreKit
    - FBSDKLoginKit
    - Kingfisher

SPEC CHECKSUMS:
  FBSDKCoreKit: ba361d4a9d4dc29ff218822b849b22d4f869c7bb
  FBSDKLoginKit: c6d0dc187bd076e370dffa10f7fc8a3562a6892c
  Kingfisher: 9c8f2cc6710334e06f32ba2b45e77707d5e2f0c9

PODFILE CHECKSUM: d1075387e571991983eaaba7f1cc4cdb7c8f5348

COCOAPODS: 1.6.1
