// !$*UTF8*$!
{
	archiveVersion = 1;
	classes = {
	};
	objectVersion = 50;
	objects = {

/* Begin PBXBuildFile section */
		546335361736D07730D9752B /* Pods_FBDemo.framework in Frameworks */ = {isa = PBXBuildFile; fileRef = 6FB39370558C057BD4080B6A /* Pods_FBDemo.framework */; };
		DFD86E2222994E13000C46C3 /* AppDelegate.swift in Sources */ = {isa = PBXBuildFile; fileRef = DFD86E2122994E13000C46C3 /* AppDelegate.swift */; };
		DFD86E2422994E13000C46C3 /* ViewController.swift in Sources */ = {isa = PBXBuildFile; fileRef = DFD86E2322994E13000C46C3 /* ViewController.swift */; };
		DFD86E2722994E13000C46C3 /* Main.storyboard in Resources */ = {isa = PBXBuildFile; fileRef = DFD86E2522994E13000C46C3 /* Main.storyboard */; };
		DFD86E2922994E14000C46C3 /* Assets.xcassets in Resources */ = {isa = PBXBuildFile; fileRef = DFD86E2822994E14000C46C3 /* Assets.xcassets */; };
		DFD86E2C22994E14000C46C3 /* LaunchScreen.storyboard in Resources */ = {isa = PBXBuildFile; fileRef = DFD86E2A22994E14000C46C3 /* LaunchScreen.storyboard */; };
/* End PBXBuildFile section */

/* Begin PBXFileReference section */
		6FB39370558C057BD4080B6A /* Pods_FBDemo.framework */ = {isa = PBXFileReference; explicitFileType = wrapper.framework; includeInIndex = 0; path = Pods_FBDemo.framework; sourceTree = BUILT_PRODUCTS_DIR; };
		89E782C7C54CC948A755EA2E /* Pods-FBDemo.debug.xcconfig */ = {isa = PBXFileReference; includeInIndex = 1; lastKnownFileType = text.xcconfig; name = "Pods-FBDemo.debug.xcconfig"; path = "Target Support Files/Pods-FBDemo/Pods-FBDemo.debug.xcconfig"; sourceTree = "<group>"; };
		9D1F5DCB9A51924F45403A6E /* Pods-FBDemo.release.xcconfig */ = {isa = PBXFileReference; includeInIndex = 1; lastKnownFileType = text.xcconfig; name = "Pods-FBDemo.release.xcconfig"; path = "Target Support Files/Pods-FBDemo/Pods-FBDemo.release.xcconfig"; sourceTree = "<group>"; };
		DFD86E1E22994E13000C46C3 /* FBDemo.app */ = {isa = PBXFileReference; explicitFileType = wrapper.application; includeInIndex = 0; path = FBDemo.app; sourceTree = BUILT_PRODUCTS_DIR; };
		DFD86E2122994E13000C46C3 /* AppDelegate.swift */ = {isa = PBXFileReference; lastKnownFileType = sourcecode.swift; path = AppDelegate.swift; sourceTree = "<group>"; };
		DFD86E2322994E13000C46C3 /* ViewController.swift */ = {isa = PBXFileReference; lastKnownFileType = sourcecode.swift; path = ViewController.swift; sourceTree = "<group>"; };
		DFD86E2622994E13000C46C3 /* Base */ = {isa = PBXFileReference; lastKnownFileType = file.storyboard; name = Base; path = Base.lproj/Main.storyboard; sourceTree = "<group>"; };
		DFD86E2822994E14000C46C3 /* Assets.xcassets */ = {isa = PBXFileReference; lastKnownFileType = folder.assetcatalog; path = Assets.xcassets; sourceTree = "<group>"; };
		DFD86E2B22994E14000C46C3 /* Base */ = {isa = PBXFileReference; lastKnownFileType = file.storyboard; name = Base; path = Base.lproj/LaunchScreen.storyboard; sourceTree = "<group>"; };
		DFD86E2D22994E14000C46C3 /* Info.plist */ = {isa = PBXFileReference; lastKnownFileType = text.plist.xml; path = Info.plist; sourceTree = "<group>"; };
/* End PBXFileReference section */

/* Begin PBXFrameworksBuildPhase section */
		DFD86E1B22994E13000C46C3 /* Frameworks */ = {
			isa = PBXFrameworksBuildPhase;
			buildActionMask = 2147483647;
			files = (
				546335361736D07730D9752B /* Pods_FBDemo.framework in Frameworks */,
			);
			runOnlyForDeploymentPostprocessing = 0;
		};
/* End PBXFrameworksBuildPhase section */

/* Begin PBXGroup section */
		1F54FA2DC48D9CD6BFB5E6D6 /* Frameworks */ = {
			isa = PBXGroup;
			children = (
				6FB39370558C057BD4080B6A /* Pods_FBDemo.framework */,
			);
			name = Frameworks;
			sourceTree = "<group>";
		};
		DFD86E1522994E13000C46C3 = {
			isa = PBXGroup;
			children = (
				DFD86E2022994E13000C46C3 /* FBDemo */,
				DFD86E1F22994E13000C46C3 /* Products */,
				FDFBD20B790C9B69E67B562B /* Pods */,
				1F54FA2DC48D9CD6BFB5E6D6 /* Frameworks */,
			);
			sourceTree = "<group>";
		};
		DFD86E1F22994E13000C46C3 /* Products */ = {
			isa = PBXGroup;
			children = (
				DFD86E1E22994E13000C46C3 /* FBDemo.app */,
			);
			name = Products;
			sourceTree = "<group>";
		};
		DFD86E2022994E13000C46C3 /* FBDemo */ = {
			isa = PBXGroup;
			children = (
				DFD86E2122994E13000C46C3 /* AppDelegate.swift */,
				DFD86E2322994E13000C46C3 /* ViewController.swift */,
				DFD86E2522994E13000C46C3 /* Main.storyboard */,
				DFD86E2822994E14000C46C3 /* Assets.xcassets */,
				DFD86E2A22994E14000C46C3 /* LaunchScreen.storyboard */,
				DFD86E2D22994E14000C46C3 /* Info.plist */,
			);
			path = FBDemo;
			sourceTree = "<group>";
		};
		FDFBD20B790C9B69E67B562B /* Pods */ = {
			isa = PBXGroup;
			children = (
				89E782C7C54CC948A755EA2E /* Pods-FBDemo.debug.xcconfig */,
				9D1F5DCB9A51924F45403A6E /* Pods-FBDemo.release.xcconfig */,
			);
			path = Pods;
			sourceTree = "<group>";
		};
/* End PBXGroup section */

/* Begin PBXNativeTarget section */
		DFD86E1D22994E13000C46C3 /* FBDemo */ = {
			isa = PBXNativeTarget;
			buildConfigurationList = DFD86E3022994E14000C46C3 /* Build configuration list for PBXNativeTarget "FBDemo" */;
			buildPhases = (
				83E6FE8A37A2CD0335A35DC8 /* [CP] Check Pods Manifest.lock */,
				DFD86E1A22994E13000C46C3 /* Sources */,
				DFD86E1B22994E13000C46C3 /* Frameworks */,
				DFD86E1C22994E13000C46C3 /* Resources */,
				08122C31D9BDCC4A4650BBAA /* [CP] Embed Pods Frameworks */,
			);
			buildRules = (
			);
			dependencies = (
			);
			name = FBDemo;
			productName = FBDemo;
			productReference = DFD86E1E22994E13000C46C3 /* FBDemo.app */;
			productType = "com.apple.product-type.application";
		};
/* End PBXNativeTarget section */

/* Begin PBXProject section */
		DFD86E1622994E13000C46C3 /* Project object */ = {
			isa = PBXProject;
			attributes = {
				LastSwiftUpdateCheck = 1020;
				LastUpgradeCheck = 1020;
				ORGANIZATIONNAME = Naeem;
				TargetAttributes = {
					DFD86E1D22994E13000C46C3 = {
						CreatedOnToolsVersion = 10.2.1;
					};
				};
			};
			buildConfigurationList = DFD86E1922994E13000C46C3 /* Build configuration list for PBXProject "FBDemo" */;
			compatibilityVersion = "Xcode 9.3";
			developmentRegion = en;
			hasScannedForEncodings = 0;
			knownRegions = (
				en,
				Base,
			);
			mainGroup = DFD86E1522994E13000C46C3;
			productRefGroup = DFD86E1F22994E13000C46C3 /* Products */;
			projectDirPath = "";
			projectRoot = "";
			targets = (
				DFD86E1D22994E13000C46C3 /* FBDemo */,
			);
		};
/* End PBXProject section */

/* Begin PBXResourcesBuildPhase section */
		DFD86E1C22994E13000C46C3 /* Resources */ = {
			isa = PBXResourcesBuildPhase;
			buildActionMask = 2147483647;
			files = (
				DFD86E2C22994E14000C46C3 /* LaunchScreen.storyboard in Resources */,
				DFD86E2922994E14000C46C3 /* Assets.xcassets in Resources */,
				DFD86E2722994E13000C46C3 /* Main.storyboard in Resources */,
			);
			runOnlyForDeploymentPostprocessing = 0;
		};
/* End PBXResourcesBuildPhase section */

/* Begin PBXShellScriptBuildPhase section */
		08122C31D9BDCC4A4650BBAA /* [CP] Embed Pods Frameworks */ = {
			isa = PBXShellScriptBuildPhase;
			buildActionMask = 2147483647;
			files = (
			);
			inputFileListPaths = (
			);
			inputPaths = (
				"${PODS_ROOT}/Target Support Files/Pods-FBDemo/Pods-FBDemo-frameworks.sh",
				"${BUILT_PRODUCTS_DIR}/FBSDKCoreKit/FBSDKCoreKit.framework",
				"${BUILT_PRODUCTS_DIR}/FBSDKLoginKit/FBSDKLoginKit.framework",
				"${BUILT_PRODUCTS_DIR}/Kingfisher/Kingfisher.framework",
			);
			name = "[CP] Embed Pods Frameworks";
			outputFileListPaths = (
			);
			outputPaths = (
				"${TARGET_BUILD_DIR}/${FRAMEWORKS_FOLDER_PATH}/FBSDKCoreKit.framework",
				"${TARGET_BUILD_DIR}/${FRAMEWORKS_FOLDER_PATH}/FBSDKLoginKit.framework",
				"${TARGET_BUILD_DIR}/${FRAMEWORKS_FOLDER_PATH}/Kingfisher.framework",
			);
			runOnlyForDeploymentPostprocessing = 0;
			shellPath = /bin/sh;
			shellScript = "\"${PODS_ROOT}/Target Support Files/Pods-FBDemo/Pods-FBDemo-frameworks.sh\"\n";
			showEnvVarsInLog = 0;
		};
		83E6FE8A37A2CD0335A35DC8 /* [CP] Check Pods Manifest.lock */ = {
			isa = PBXShellScriptBuildPhase;
			buildActionMask = 2147483647;
			files = (
			);
			inputFileListPaths = (
			);
			inputPaths = (
				"${PODS_PODFILE_DIR_PATH}/Podfile.lock",
				"${PODS_ROOT}/Manifest.lock",
			);
			name = "[CP] Check Pods Manifest.lock";
			outputFileListPaths = (
			);
			outputPaths = (
				"$(DERIVED_FILE_DIR)/Pods-FBDemo-checkManifestLockResult.txt",
			);
			runOnlyForDeploymentPostprocessing = 0;
			shellPath = /bin/sh;
			shellScript = "diff \"${PODS_PODFILE_DIR_PATH}/Podfile.lock\" \"${PODS_ROOT}/Manifest.lock\" > /dev/null\nif [ $? != 0 ] ; then\n    # print error to STDERR\n    echo \"error: The sandbox is not in sync with the Podfile.lock. Run 'pod install' or update your CocoaPods installation.\" >&2\n    exit 1\nfi\n# This output is used by Xcode 'outputs' to avoid re-running this script phase.\necho \"SUCCESS\" > \"${SCRIPT_OUTPUT_FILE_0}\"\n";
			showEnvVarsInLog = 0;
		};
/* End PBXShellScriptBuildPhase section */

/* Begin PBXSourcesBuildPhase section */
		DFD86E1A22994E13000C46C3 /* Sources */ = {
			isa = PBXSourcesBuildPhase;
			buildActionMask = 2147483647;
			files = (
				DFD86E2422994E13000C46C3 /* ViewController.swift in Sources */,
				DFD86E2222994E13000C46C3 /* AppDelegate.swift in Sources */,
			);
			runOnlyForDeploymentPostprocessing = 0;
		};
/* End PBXSourcesBuildPhase section */

/* Begin PBXVariantGroup section */
		DFD86E2522994E13000C46C3 /* Main.storyboard */ = {
			isa = PBXVariantGroup;
			children = (
				DFD86E2622994E13000C46C3 /* Base */,
			);
			name = Main.storyboard;
			sourceTree = "<group>";
		};
		DFD86E2A22994E14000C46C3 /* LaunchScreen.storyboard */ = {
			isa = PBXVariantGroup;
			children = (
				DFD86E2B22994E14000C46C3 /* Base */,
			);
			name = LaunchScreen.storyboard;
			sourceTree = "<group>";
		};
/* End PBXVariantGroup section */

/* Begin XCBuildConfiguration section */
		DFD86E2E22994E14000C46C3 /* Debug */ = {
			isa = XCBuildConfiguration;
			buildSettings = {
				ALWAYS_SEARCH_USER_PATHS = NO;
				CLANG_ANALYZER_NONNULL = YES;
				CLANG_ANALYZER_NUMBER_OBJECT_CONVERSION = YES_AGGRESSIVE;
				CLANG_CXX_LANGUAGE_STANDARD = "gnu++14";
				CLANG_CXX_LIBRARY = "libc++";
				CLANG_ENABLE_MODULES = YES;
				CLANG_ENABLE_OBJC_ARC = YES;
				CLANG_ENABLE_OBJC_WEAK = YES;
				CLANG_WARN_BLOCK_CAPTURE_AUTORELEASING = YES;
				CLANG_WARN_BOOL_CONVERSION = YES;
				CLANG_WARN_COMMA = YES;
				CLANG_WARN_CONSTANT_CONVERSION = YES;
				CLANG_WARN_DEPRECATED_OBJC_IMPLEMENTATIONS = YES;
				CLANG_WARN_DIRECT_OBJC_ISA_USAGE = YES_ERROR;
				CLANG_WARN_DOCUMENTATION_COMMENTS = YES;
				CLANG_WARN_EMPTY_BODY = YES;
				CLANG_WARN_ENUM_CONVERSION = YES;
				CLANG_WARN_INFINITE_RECURSION = YES;
				CLANG_WARN_INT_CONVERSION = YES;
				CLANG_WARN_NON_LITERAL_NULL_CONVERSION = YES;
				CLANG_WARN_OBJC_IMPLICIT_RETAIN_SELF = YES;
				CLANG_WARN_OBJC_LITERAL_CONVERSION = YES;
				CLANG_WARN_OBJC_ROOT_CLASS = YES_ERROR;
				CLANG_WARN_RANGE_LOOP_ANALYSIS = YES;
				CLANG_WARN_STRICT_PROTOTYPES = YES;
				CLANG_WARN_SUSPICIOUS_MOVE = YES;
				CLANG_WARN_UNGUARDED_AVAILABILITY = YES_AGGRESSIVE;
				CLANG_WARN_UNREACHABLE_CODE = YES;
				CLANG_WARN__DUPLICATE_METHOD_MATCH = YES;
				CODE_SIGN_IDENTITY = "iPhone Developer";
				COPY_PHASE_STRIP = NO;
				DEBUG_INFORMATION_FORMAT = dwarf;
				ENABLE_STRICT_OBJC_MSGSEND = YES;
				ENABLE_TESTABILITY = YES;
				GCC_C_LANGUAGE_STANDARD = gnu11;
				GCC_DYNAMIC_NO_PIC = NO;
				GCC_NO_COMMON_BLOCKS = YES;
				GCC_OPTIMIZATION_LEVEL = 0;
				GCC_PREPROCESSOR_DEFINITIONS = (
					"DEBUG=1",
					"$(inherited)",
				);
				GCC_WARN_64_TO_32_BIT_CONVERSION = YES;
				GCC_WARN_ABOUT_RETURN_TYPE = YES_ERROR;
				GCC_WARN_UNDECLARED_SELECTOR = YES;
				GCC_WARN_UNINITIALIZED_AUTOS = YES_AGGRESSIVE;
				GCC_WARN_UNUSED_FUNCTION = YES;
				GCC_WARN_UNUSED_VARIABLE = YES;
				IPHONEOS_DEPLOYMENT_TARGET = 12.2;
				MTL_ENABLE_DEBUG_INFO = INCLUDE_SOURCE;
				MTL_FAST_MATH = YES;
				ONLY_ACTIVE_ARCH = YES;
				SDKROOT = iphoneos;
				SWIFT_ACTIVE_COMPILATION_CONDITIONS = DEBUG;
				SWIFT_OPTIMIZATION_LEVEL = "-Onone";
			};
			name = Debug;
		};
		DFD86E2F22994E14000C46C3 /* Release */ = {
			isa = XCBuildConfiguration;
			buildSettings = {
				ALWAYS_SEARCH_USER_PATHS = NO;
				CLANG_ANALYZER_NONNULL = YES;
				CLANG_ANALYZER_NUMBER_OBJECT_CONVERSION = YES_AGGRESSIVE;
				CLANG_CXX_LANGUAGE_STANDARD = "gnu++14";
				CLANG_CXX_LIBRARY = "libc++";
				CLANG_ENABLE_MODULES = YES;
				CLANG_ENABLE_OBJC_ARC = YES;
				CLANG_ENABLE_OBJC_WEAK = YES;
				CLANG_WARN_BLOCK_CAPTURE_AUTORELEASING = YES;
				CLANG_WARN_BOOL_CONVERSION = YES;
				CLANG_WARN_COMMA = YES;
				CLANG_WARN_CONSTANT_CONVERSION = YES;
				CLANG_WARN_DEPRECATED_OBJC_IMPLEMENTATIONS = YES;
				CLANG_WARN_DIRECT_OBJC_ISA_USAGE = YES_ERROR;
				CLANG_WARN_DOCUMENTATION_COMMENTS = YES;
				CLANG_WARN_EMPTY_BODY = YES;
				CLANG_WARN_ENUM_CONVERSION = YES;
				CLANG_WARN_INFINITE_RECURSION = YES;
				CLANG_WARN_INT_CONVERSION = YES;
				CLANG_WARN_NON_LITERAL_NULL_CONVERSION = YES;
				CLANG_WARN_OBJC_IMPLICIT_RETAIN_SELF = YES;
				CLANG_WARN_OBJC_LITERAL_CONVERSION = YES;
				CLANG_WARN_OBJC_ROOT_CLASS = YES_ERROR;
				CLANG_WARN_RANGE_LOOP_ANALYSIS = YES;
				CLANG_WARN_STRICT_PROTOTYPES = YES;
				CLANG_WARN_SUSPICIOUS_MOVE = YES;
				CLANG_WARN_UNGUARDED_AVAILABILITY = YES_AGGRESSIVE;
				CLANG_WARN_UNREACHABLE_CODE = YES;
				CLANG_WARN__DUPLICATE_METHOD_MATCH = YES;
				CODE_SIGN_IDENTITY = "iPhone Developer";
				COPY_PHASE_STRIP = NO;
				DEBUG_INFORMATION_FORMAT = "dwarf-with-dsym";
				ENABLE_NS_ASSERTIONS = NO;
				ENABLE_STRICT_OBJC_MSGSEND = YES;
				GCC_C_LANGUAGE_STANDARD = gnu11;
				GCC_NO_COMMON_BLOCKS = YES;
				GCC_WARN_64_TO_32_BIT_CONVERSION = YES;
				GCC_WARN_ABOUT_RETURN_TYPE = YES_ERROR;
				GCC_WARN_UNDECLARED_SELECTOR = YES;
				GCC_WARN_UNINITIALIZED_AUTOS = YES_AGGRESSIVE;
				GCC_WARN_UNUSED_FUNCTION = YES;
				GCC_WARN_UNUSED_VARIABLE = YES;
				IPHONEOS_DEPLOYMENT_TARGET = 12.2;
				MTL_ENABLE_DEBUG_INFO = NO;
				MTL_FAST_MATH = YES;
				SDKROOT = iphoneos;
				SWIFT_COMPILATION_MODE = wholemodule;
				SWIFT_OPTIMIZATION_LEVEL = "-O";
				VALIDATE_PRODUCT = YES;
			};
			name = Release;
		};
		DFD86E3122994E14000C46C3 /* Debug */ = {
			isa = XCBuildConfiguration;
			baseConfigurationReference = 89E782C7C54CC948A755EA2E /* Pods-FBDemo.debug.xcconfig */;
			buildSettings = {
				ASSETCATALOG_COMPILER_APPICON_NAME = AppIcon;
				CODE_SIGN_STYLE = Automatic;
				DEVELOPMENT_TEAM = TRV6HMLVZ3;
				INFOPLIST_FILE = FBDemo/Info.plist;
				LD_RUNPATH_SEARCH_PATHS = (
					"$(inherited)",
					"@executable_path/Frameworks",
				);
				PRODUCT_BUNDLE_IDENTIFIER = com.mna.developer.FBDemo;
				PRODUCT_NAME = "$(TARGET_NAME)";
				SWIFT_VERSION = 5.0;
				TARGETED_DEVICE_FAMILY = "1,2";
			};
			name = Debug;
		};
		DFD86E3222994E14000C46C3 /* Release */ = {
			isa = XCBuildConfiguration;
			baseConfigurationReference = 9D1F5DCB9A51924F45403A6E /* Pods-FBDemo.release.xcconfig */;
			buildSettings = {
				ASSETCATALOG_COMPILER_APPICON_NAME = AppIcon;
				CODE_SIGN_STYLE = Automatic;
				DEVELOPMENT_TEAM = TRV6HMLVZ3;
				INFOPLIST_FILE = FBDemo/Info.plist;
				LD_RUNPATH_SEARCH_PATHS = (
					"$(inherited)",
					"@executable_path/Frameworks",
				);
				PRODUCT_BUNDLE_IDENTIFIER = com.mna.developer.FBDemo;
				PRODUCT_NAME = "$(TARGET_NAME)";
				SWIFT_VERSION = 5.0;
				TARGETED_DEVICE_FAMILY = "1,2";
			};
			name = Release;
		};
/* End XCBuildConfiguration section */

/* Begin XCConfigurationList section */
		DFD86E1922994E13000C46C3 /* Build configuration list for PBXProject "FBDemo" */ = {
			isa = XCConfigurationList;
			buildConfigurations = (
				DFD86E2E22994E14000C46C3 /* Debug */,
				DFD86E2F22994E14000C46C3 /* Release */,
			);
			defaultConfigurationIsVisible = 0;
			defaultConfigurationName = Release;
		};
		DFD86E3022994E14000C46C3 /* Build configuration list for PBXNativeTarget "FBDemo" */ = {
			isa = XCConfigurationList;
			buildConfigurations = (
				DFD86E3122994E14000C46C3 /* Debug */,
				DFD86E3222994E14000C46C3 /* Release */,
			);
			defaultConfigurationIsVisible = 0;
			defaultConfigurationName = Release;
		};
/* End XCConfigurationList section */
	};
	rootObject = DFD86E1622994E13000C46C3 /* Project object */;
}
